
Microsoft Visual Studio Solution File, Format Version 12.00
# Visual Studio Version 17
VisualStudioVersion = 17.0.31903.59
MinimumVisualStudioVersion = 10.0.40219.1
Project("{F184B08F-C81C-45F6-A57F-5ABD9991F28F}") = "Arcxis Cad Tools - Brics - Mechanical", "Arcxis Cad Tools - Brics - Mechanical\Arcxis Cad Tools - Brics - Mechanical.vbproj", "{AF00B58F-0FC5-4F69-ABEE-D7A23A895966}"
EndProject
Global
	GlobalSection(SolutionConfigurationPlatforms) = preSolution
		Debug|x64 = Debug|x64
		Release|x64 = Release|x64
	EndGlobalSection
	GlobalSection(ProjectConfigurationPlatforms) = postSolution
		{AF00B58F-0FC5-4F69-ABEE-D7A23A895966}.Debug|x64.ActiveCfg = Debug|x64
		{AF00B58F-0FC5-4F69-ABEE-D7A23A895966}.Debug|x64.Build.0 = Debug|x64
		{AF00B58F-0FC5-4F69-ABEE-D7A23A895966}.Release|x64.ActiveCfg = Release|x64
		{AF00B58F-0FC5-4F69-ABEE-D7A23A895966}.Release|x64.Build.0 = Release|x64
	EndGlobalSection
	GlobalSection(SolutionProperties) = preSolution
		HideSolutionNode = FALSE
	EndGlobalSection
	GlobalSection(ExtensibilityGlobals) = postSolution
		SolutionGuid = {C86101B0-865C-476E-83E1-7D89835F803B}
	EndGlobalSection
EndGlobal
